<?xml version="1.0" encoding="utf-8"?>
<Project ToolsVersion="4.0" xmlns="http://schemas.microsoft.com/developer/msbuild/2003">
  <ItemGroup>
    <Filter Include="Math">
      <UniqueIdentifier>{4FC737F1-C7A5-4376-A066-2A32D752A2FF}</UniqueIdentifier>
      <Extensions>cpp;c;cc;cxx;def;odl;idl;hpj;bat;asm;asmx</Extensions>
    </Filter>
    <Filter Include="Misc">
      <UniqueIdentifier>{72056cb6-72a2-42b7-b05e-376f1ddd957e}</UniqueIdentifier>
    </Filter>
    <Filter Include="MeshVariants">
      <UniqueIdentifier>{3f5ede2c-a5b5-428f-923b-f4448da13674}</UniqueIdentifier>
    </Filter>
    <Filter Include="Renderers">
      <UniqueIdentifier>{280a5fd6-515b-451f-8529-93dc94618c52}</UniqueIdentifier>
    </Filter>
    <Filter Include="D3D">
      <UniqueIdentifier>{49753b99-aaa3-47ae-be1b-5e36c1bc0def}</UniqueIdentifier>
    </Filter>
  </ItemGroup>
  <ItemGroup>
    <ClInclude Include="Vector3.h">
      <Filter>Math</Filter>
    </ClInclude>
    <ClInclude Include="Matrix.h">
      <Filter>Math</Filter>
    </ClInclude>
    <ClInclude Include="Vector4.h">
      <Filter>Math</Filter>
    </ClInclude>
    <ClInclude Include="Math.h">
      <Filter>Math</Filter>
    </ClInclude>
    <ClInclude Include="MathHelpers.h">
      <Filter>Math</Filter>
    </ClInclude>
    <ClInclude Include="Timer.h">
      <Filter>Misc</Filter>
    </ClInclude>
    <ClInclude Include="Vector2.h">
      <Filter>Math</Filter>
    </ClInclude>
    <ClInclude Include="pch.h" />
    <ClInclude Include="ColorRGB.h">
      <Filter>Math</Filter>
    </ClInclude>
    <ClInclude Include="DataTypes.h" />
    <ClInclude Include="Camera.h" />
    <ClInclude Include="Shading.h" />
    <ClInclude Include="Texture.h" />
    <ClInclude Include="Utils.h" />
    <ClInclude Include="DirectXMesh.h">
      <Filter>MeshVariants</Filter>
    </ClInclude>
    <ClInclude Include="CPU_Mesh.h">
      <Filter>MeshVariants</Filter>
    </ClInclude>
    <ClInclude Include="Mesh.h">
      <Filter>MeshVariants</Filter>
    </ClInclude>
    <ClInclude Include="Renderer.h">
      <Filter>Renderers</Filter>
    </ClInclude>
    <ClInclude Include="CPU_Renderer.h">
      <Filter>Renderers</Filter>
    </ClInclude>
    <ClInclude Include="BaseRenderer.h">
      <Filter>Renderers</Filter>
    </ClInclude>
    <ClInclude Include="DirectX_Renderer.h">
      <Filter>Renderers</Filter>
    </ClInclude>
    <ClInclude Include="VehicleEffect.h">
      <Filter>Renderers</Filter>
    </ClInclude>
    <ClInclude Include="BaseEffect.h">
      <Filter>Renderers</Filter>
    </ClInclude>
    <ClInclude Include="ThrusterEffect.h">
      <Filter>Renderers</Filter>
    </ClInclude>
    <ClInclude Include="RenderConfig.h">
      <Filter>Renderers</Filter>
    </ClInclude>
    <ClInclude Include="VulkanRenderer.h">
      <Filter>Renderers</Filter>
    </ClInclude>
    <ClInclude Include="VulkanMesh.h">
      <Filter>MeshVariants</Filter>
    </ClInclude>
  </ItemGroup>
  <ItemGroup>
    <ClCompile Include="main.cpp" />
    <ClCompile Include="Vector3.cpp">
      <Filter>Math</Filter>
    </ClCompile>
    <ClCompile Include="Matrix.cpp">
      <Filter>Math</Filter>
    </ClCompile>
    <ClCompile Include="Vector4.cpp">
      <Filter>Math</Filter>
    </ClCompile>
    <ClCompile Include="Timer.cpp">
      <Filter>Misc</Filter>
    </ClCompile>
    <ClCompile Include="Vector2.cpp">
      <Filter>Math</Filter>
    </ClCompile>
    <ClCompile Include="pch.cpp" />
    <ClCompile Include="Texture.cpp">
      <Filter>Math</Filter>
    </ClCompile>
    <ClCompile Include="DirectXMesh.cpp">
      <Filter>MeshVariants</Filter>
    </ClCompile>
    <ClCompile Include="CPU_Mesh.cpp">
      <Filter>MeshVariants</Filter>
    </ClCompile>
    <ClCompile Include="Mesh.cpp">
      <Filter>MeshVariants</Filter>
    </ClCompile>
    <ClCompile Include="Renderer.cpp">
      <Filter>Renderers</Filter>
    </ClCompile>
    <ClCompile Include="DirectX_Renderer.cpp">
      <Filter>Renderers</Filter>
    </ClCompile>
    <ClCompile Include="BaseRenderer.cpp">
      <Filter>Renderers</Filter>
    </ClCompile>
    <ClCompile Include="VehicleEffect.cpp">
      <Filter>Renderers</Filter>
    </ClCompile>
    <ClCompile Include="CPU_Renderer.cpp">
      <Filter>Renderers</Filter>
    </ClCompile>
    <ClCompile Include="BaseEffect.cpp">
      <Filter>Renderers</Filter>
    </ClCompile>
    <ClCompile Include="ThrusterEffect.cpp">
      <Filter>Renderers</Filter>
    </ClCompile>
    <ClCompile Include="RenderConfig.cpp">
      <Filter>Renderers</Filter>
    </ClCompile>
    <ClCompile Include="VulkanRenderer.cpp">
      <Filter>Renderers</Filter>
    </ClCompile>
    <ClCompile Include="VulkanMesh.cpp">
      <Filter>MeshVariants</Filter>
    </ClCompile>
  </ItemGroup>
  <ItemGroup>
    <None Include="DirectX_Debug.props" />
    <None Include="DirectX_Release.props" />
  </ItemGroup>
</Project>